
Microsoft Visual Studio Solution File, Format Version 12.00
# Visual Studio Version 17
VisualStudioVersion = 17.2.32630.192
MinimumVisualStudioVersion = 10.0.40219.1
Project("{9A19103F-16F7-4668-BE54-9A1E7A4F7556}") = "fiap2022", "fiap2022.web\fiap2022.csproj", "{C6C47695-F762-4C93-9F20-5CB3DA8EF094}"
EndProject
Project("{9A19103F-16F7-4668-BE54-9A1E7A4F7556}") = "fiap2022.api", "fiap2022.api\fiap2022.api\fiap2022.api.csproj", "{E9BB019C-AF23-4896-85A7-68291DD750C7}"
EndProject
Project("{FAE04EC0-301F-11D3-BF4B-00C04F79EFBC}") = "fiap2022.domain", "fiap2022.domain\fiap2022.domain.csproj", "{5D00B726-0A83-4C21-8FCB-3EA52AC8D585}"
EndProject
Project("{FAE04EC0-301F-11D3-BF4B-00C04F79EFBC}") = "fiap2022.application", "fiap2022.application\fiap2022.application.csproj", "{3E5E5E3F-3FA2-4BD3-9755-FD7A4C2B0F7A}"
EndProject
Project("{FAE04EC0-301F-11D3-BF4B-00C04F79EFBC}") = "fiap2022.persistence", "fiap2022.persistence\fiap2022.persistence.csproj", "{F7D543AB-462F-4E47-94C4-5361FC27D753}"
EndProject
Project("{FAE04EC0-301F-11D3-BF4B-00C04F79EFBC}") = "fiap2022.infrastructure", "fiap2022.infrastructure\fiap2022.infrastructure.csproj", "{5F88AB79-5AD5-438C-B200-08AC89D7EA8A}"
EndProject
Project("{FAE04EC0-301F-11D3-BF4B-00C04F79EFBC}") = "fiap2022.IoC", "fiap2022.IoC\fiap2022.IoC.csproj", "{887E9488-745D-4685-A0CA-9EE97859689B}"
EndProject
Global
	GlobalSection(SolutionConfigurationPlatforms) = preSolution
		Debug|Any CPU = Debug|Any CPU
		Release|Any CPU = Release|Any CPU
	EndGlobalSection
	GlobalSection(ProjectConfigurationPlatforms) = postSolution
		{C6C47695-F762-4C93-9F20-5CB3DA8EF094}.Debug|Any CPU.ActiveCfg = Debug|Any CPU
		{C6C47695-F762-4C93-9F20-5CB3DA8EF094}.Debug|Any CPU.Build.0 = Debug|Any CPU
		{C6C47695-F762-4C93-9F20-5CB3DA8EF094}.Release|Any CPU.ActiveCfg = Release|Any CPU
		{C6C47695-F762-4C93-9F20-5CB3DA8EF094}.Release|Any CPU.Build.0 = Release|Any CPU
		{E9BB019C-AF23-4896-85A7-68291DD750C7}.Debug|Any CPU.ActiveCfg = Debug|Any CPU
		{E9BB019C-AF23-4896-85A7-68291DD750C7}.Debug|Any CPU.Build.0 = Debug|Any CPU
		{E9BB019C-AF23-4896-85A7-68291DD750C7}.Release|Any CPU.ActiveCfg = Release|Any CPU
		{E9BB019C-AF23-4896-85A7-68291DD750C7}.Release|Any CPU.Build.0 = Release|Any CPU
		{5D00B726-0A83-4C21-8FCB-3EA52AC8D585}.Debug|Any CPU.ActiveCfg = Debug|Any CPU
		{5D00B726-0A83-4C21-8FCB-3EA52AC8D585}.Debug|Any CPU.Build.0 = Debug|Any CPU
		{5D00B726-0A83-4C21-8FCB-3EA52AC8D585}.Release|Any CPU.ActiveCfg = Release|Any CPU
		{5D00B726-0A83-4C21-8FCB-3EA52AC8D585}.Release|Any CPU.Build.0 = Release|Any CPU
		{3E5E5E3F-3FA2-4BD3-9755-FD7A4C2B0F7A}.Debug|Any CPU.ActiveCfg = Debug|Any CPU
		{3E5E5E3F-3FA2-4BD3-9755-FD7A4C2B0F7A}.Debug|Any CPU.Build.0 = Debug|Any CPU
		{3E5E5E3F-3FA2-4BD3-9755-FD7A4C2B0F7A}.Release|Any CPU.ActiveCfg = Release|Any CPU
		{3E5E5E3F-3FA2-4BD3-9755-FD7A4C2B0F7A}.Release|Any CPU.Build.0 = Release|Any CPU
		{F7D543AB-462F-4E47-94C4-5361FC27D753}.Debug|Any CPU.ActiveCfg = Debug|Any CPU
		{F7D543AB-462F-4E47-94C4-5361FC27D753}.Debug|Any CPU.Build.0 = Debug|Any CPU
		{F7D543AB-462F-4E47-94C4-5361FC27D753}.Release|Any CPU.ActiveCfg = Release|Any CPU
		{F7D543AB-462F-4E47-94C4-5361FC27D753}.Release|Any CPU.Build.0 = Release|Any CPU
		{5F88AB79-5AD5-438C-B200-08AC89D7EA8A}.Debug|Any CPU.ActiveCfg = Debug|Any CPU
		{5F88AB79-5AD5-438C-B200-08AC89D7EA8A}.Debug|Any CPU.Build.0 = Debug|Any CPU
		{5F88AB79-5AD5-438C-B200-08AC89D7EA8A}.Release|Any CPU.ActiveCfg = Release|Any CPU
		{5F88AB79-5AD5-438C-B200-08AC89D7EA8A}.Release|Any CPU.Build.0 = Release|Any CPU
		{887E9488-745D-4685-A0CA-9EE97859689B}.Debug|Any CPU.ActiveCfg = Debug|Any CPU
		{887E9488-745D-4685-A0CA-9EE97859689B}.Debug|Any CPU.Build.0 = Debug|Any CPU
		{887E9488-745D-4685-A0CA-9EE97859689B}.Release|Any CPU.ActiveCfg = Release|Any CPU
		{887E9488-745D-4685-A0CA-9EE97859689B}.Release|Any CPU.Build.0 = Release|Any CPU
	EndGlobalSection
	GlobalSection(SolutionProperties) = preSolution
		HideSolutionNode = FALSE
	EndGlobalSection
	GlobalSection(ExtensibilityGlobals) = postSolution
		SolutionGuid = {0629E776-33E0-46A7-BF02-BB4B3C72DBD0}
	EndGlobalSection
EndGlobal
